// !$*UTF8*$!
{
	archiveVersion = 1;
	classes = {
	};
	objectVersion = 50;
	objects = {

/* Begin PBXBuildFile section */
		6D26E491228BA26B0053C766 /* AppDelegate.swift in Sources */ = {isa = PBXBuildFile; fileRef = 6D26E490228BA26B0053C766 /* AppDelegate.swift */; };
		6D26E493228BA26B0053C766 /* art.scnassets in Resources */ = {isa = PBXBuildFile; fileRef = 6D26E492228BA26B0053C766 /* art.scnassets */; };
		6D26E495228BA26B0053C766 /* ViewController.swift in Sources */ = {isa = PBXBuildFile; fileRef = 6D26E494228BA26B0053C766 /* ViewController.swift */; };
		6D26E498228BA26B0053C766 /* Main.storyboard in Resources */ = {isa = PBXBuildFile; fileRef = 6D26E496228BA26B0053C766 /* Main.storyboard */; };
		6D26E49A228BA26C0053C766 /* Assets.xcassets in Resources */ = {isa = PBXBuildFile; fileRef = 6D26E499228BA26C0053C766 /* Assets.xcassets */; };
		6D26E49D228BA26C0053C766 /* LaunchScreen.storyboard in Resources */ = {isa = PBXBuildFile; fileRef = 6D26E49B228BA26C0053C766 /* LaunchScreen.storyboard */; };
		6D26E4A8228BA26C0053C766 /* BANITests.swift in Sources */ = {isa = PBXBuildFile; fileRef = 6D26E4A7228BA26C0053C766 /* BANITests.swift */; };
		6D26E4B3228BA26C0053C766 /* BANIUITests.swift in Sources */ = {isa = PBXBuildFile; fileRef = 6D26E4B2228BA26C0053C766 /* BANIUITests.swift */; };
/* End PBXBuildFile section */

/* Begin PBXContainerItemProxy section */
		6D26E4A4228BA26C0053C766 /* PBXContainerItemProxy */ = {
			isa = PBXContainerItemProxy;
			containerPortal = 6D26E485228BA26B0053C766 /* Project object */;
			proxyType = 1;
			remoteGlobalIDString = 6D26E48C228BA26B0053C766;
			remoteInfo = BANI;
		};
		6D26E4AF228BA26C0053C766 /* PBXContainerItemProxy */ = {
			isa = PBXContainerItemProxy;
			containerPortal = 6D26E485228BA26B0053C766 /* Project object */;
			proxyType = 1;
			remoteGlobalIDString = 6D26E48C228BA26B0053C766;
			remoteInfo = BANI;
		};
/* End PBXContainerItemProxy section */

/* Begin PBXFileReference section */
		6D26E48D228BA26B0053C766 /* BANI.app */ = {isa = PBXFileReference; explicitFileType = wrapper.application; includeInIndex = 0; path = BANI.app; sourceTree = BUILT_PRODUCTS_DIR; };
		6D26E490228BA26B0053C766 /* AppDelegate.swift */ = {isa = PBXFileReference; lastKnownFileType = sourcecode.swift; path = AppDelegate.swift; sourceTree = "<group>"; };
		6D26E492228BA26B0053C766 /* art.scnassets */ = {isa = PBXFileReference; lastKnownFileType = wrapper.scnassets; path = art.scnassets; sourceTree = "<group>"; };
		6D26E494228BA26B0053C766 /* ViewController.swift */ = {isa = PBXFileReference; lastKnownFileType = sourcecode.swift; path = ViewController.swift; sourceTree = "<group>"; };
		6D26E497228BA26B0053C766 /* Base */ = {isa = PBXFileReference; lastKnownFileType = file.storyboard; name = Base; path = Base.lproj/Main.storyboard; sourceTree = "<group>"; };
		6D26E499228BA26C0053C766 /* Assets.xcassets */ = {isa = PBXFileReference; lastKnownFileType = folder.assetcatalog; path = Assets.xcassets; sourceTree = "<group>"; };
		6D26E49C228BA26C0053C766 /* Base */ = {isa = PBXFileReference; lastKnownFileType = file.storyboard; name = Base; path = Base.lproj/LaunchScreen.storyboard; sourceTree = "<group>"; };
		6D26E49E228BA26C0053C766 /* Info.plist */ = {isa = PBXFileReference; lastKnownFileType = text.plist.xml; path = Info.plist; sourceTree = "<group>"; };
		6D26E4A3228BA26C0053C766 /* BANITests.xctest */ = {isa = PBXFileReference; explicitFileType = wrapper.cfbundle; includeInIndex = 0; path = BANITests.xctest; sourceTree = BUILT_PRODUCTS_DIR; };
		6D26E4A7228BA26C0053C766 /* BANITests.swift */ = {isa = PBXFileReference; lastKnownFileType = sourcecode.swift; path = BANITests.swift; sourceTree = "<group>"; };
		6D26E4A9228BA26C0053C766 /* Info.plist */ = {isa = PBXFileReference; lastKnownFileType = text.plist.xml; path = Info.plist; sourceTree = "<group>"; };
		6D26E4AE228BA26C0053C766 /* BANIUITests.xctest */ = {isa = PBXFileReference; explicitFileType = wrapper.cfbundle; includeInIndex = 0; path = BANIUITests.xctest; sourceTree = BUILT_PRODUCTS_DIR; };
		6D26E4B2228BA26C0053C766 /* BANIUITests.swift */ = {isa = PBXFileReference; lastKnownFileType = sourcecode.swift; path = BANIUITests.swift; sourceTree = "<group>"; };
		6D26E4B4228BA26C0053C766 /* Info.plist */ = {isa = PBXFileReference; lastKnownFileType = text.plist.xml; path = Info.plist; sourceTree = "<group>"; };
/* End PBXFileReference section */

/* Begin PBXFrameworksBuildPhase section */
		6D26E48A228BA26B0053C766 /* Frameworks */ = {
			isa = PBXFrameworksBuildPhase;
			buildActionMask = 2147483647;
			files = (
			);
			runOnlyForDeploymentPostprocessing = 0;
		};
		6D26E4A0228BA26C0053C766 /* Frameworks */ = {
			isa = PBXFrameworksBuildPhase;
			buildActionMask = 2147483647;
			files = (
			);
			runOnlyForDeploymentPostprocessing = 0;
		};
		6D26E4AB228BA26C0053C766 /* Frameworks */ = {
			isa = PBXFrameworksBuildPhase;
			buildActionMask = 2147483647;
			files = (
			);
			runOnlyForDeploymentPostprocessing = 0;
		};
/* End PBXFrameworksBuildPhase section */

/* Begin PBXGroup section */
		6D26E484228BA26B0053C766 = {
			isa = PBXGroup;
			children = (
				6D26E48F228BA26B0053C766 /* BANI */,
				6D26E4A6228BA26C0053C766 /* BANITests */,
				6D26E4B1228BA26C0053C766 /* BANIUITests */,
				6D26E48E228BA26B0053C766 /* Products */,
			);
			sourceTree = "<group>";
		};
		6D26E48E228BA26B0053C766 /* Products */ = {
			isa = PBXGroup;
			children = (
				6D26E48D228BA26B0053C766 /* BANI.app */,
				6D26E4A3228BA26C0053C766 /* BANITests.xctest */,
				6D26E4AE228BA26C0053C766 /* BANIUITests.xctest */,
			);
			name = Products;
			sourceTree = "<group>";
		};
		6D26E48F228BA26B0053C766 /* BANI */ = {
			isa = PBXGroup;
			children = (
				6D26E490228BA26B0053C766 /* AppDelegate.swift */,
				6D26E492228BA26B0053C766 /* art.scnassets */,
				6D26E494228BA26B0053C766 /* ViewController.swift */,
				6D26E496228BA26B0053C766 /* Main.storyboard */,
				6D26E499228BA26C0053C766 /* Assets.xcassets */,
				6D26E49B228BA26C0053C766 /* LaunchScreen.storyboard */,
				6D26E49E228BA26C0053C766 /* Info.plist */,
			);
			path = BANI;
			sourceTree = "<group>";
		};
		6D26E4A6228BA26C0053C766 /* BANITests */ = {
			isa = PBXGroup;
			children = (
				6D26E4A7228BA26C0053C766 /* BANITests.swift */,
				6D26E4A9228BA26C0053C766 /* Info.plist */,
			);
			path = BANITests;
			sourceTree = "<group>";
		};
		6D26E4B1228BA26C0053C766 /* BANIUITests */ = {
			isa = PBXGroup;
			children = (
				6D26E4B2228BA26C0053C766 /* BANIUITests.swift */,
				6D26E4B4228BA26C0053C766 /* Info.plist */,
			);
			path = BANIUITests;
			sourceTree = "<group>";
		};
/* End PBXGroup section */

/* Begin PBXNativeTarget section */
		6D26E48C228BA26B0053C766 /* BANI */ = {
			isa = PBXNativeTarget;
			buildConfigurationList = 6D26E4B7228BA26C0053C766 /* Build configuration list for PBXNativeTarget "BANI" */;
			buildPhases = (
				6D26E489228BA26B0053C766 /* Sources */,
				6D26E48A228BA26B0053C766 /* Frameworks */,
				6D26E48B228BA26B0053C766 /* Resources */,
			);
			buildRules = (
			);
			dependencies = (
			);
			name = BANI;
			productName = BANI;
			productReference = 6D26E48D228BA26B0053C766 /* BANI.app */;
			productType = "com.apple.product-type.application";
		};
		6D26E4A2228BA26C0053C766 /* BANITests */ = {
			isa = PBXNativeTarget;
			buildConfigurationList = 6D26E4BA228BA26C0053C766 /* Build configuration list for PBXNativeTarget "BANITests" */;
			buildPhases = (
				6D26E49F228BA26C0053C766 /* Sources */,
				6D26E4A0228BA26C0053C766 /* Frameworks */,
				6D26E4A1228BA26C0053C766 /* Resources */,
			);
			buildRules = (
			);
			dependencies = (
				6D26E4A5228BA26C0053C766 /* PBXTargetDependency */,
			);
			name = BANITests;
			productName = BANITests;
			productReference = 6D26E4A3228BA26C0053C766 /* BANITests.xctest */;
			productType = "com.apple.product-type.bundle.unit-test";
		};
		6D26E4AD228BA26C0053C766 /* BANIUITests */ = {
			isa = PBXNativeTarget;
			buildConfigurationList = 6D26E4BD228BA26C0053C766 /* Build configuration list for PBXNativeTarget "BANIUITests" */;
			buildPhases = (
				6D26E4AA228BA26C0053C766 /* Sources */,
				6D26E4AB228BA26C0053C766 /* Frameworks */,
				6D26E4AC228BA26C0053C766 /* Resources */,
			);
			buildRules = (
			);
			dependencies = (
				6D26E4B0228BA26C0053C766 /* PBXTargetDependency */,
			);
			name = BANIUITests;
			productName = BANIUITests;
			productReference = 6D26E4AE228BA26C0053C766 /* BANIUITests.xctest */;
			productType = "com.apple.product-type.bundle.ui-testing";
		};
/* End PBXNativeTarget section */

/* Begin PBXProject section */
		6D26E485228BA26B0053C766 /* Project object */ = {
			isa = PBXProject;
			attributes = {
				LastSwiftUpdateCheck = 1020;
				LastUpgradeCheck = 1020;
				ORGANIZATIONNAME = Tim2One;
				TargetAttributes = {
					6D26E48C228BA26B0053C766 = {
						CreatedOnToolsVersion = 10.2.1;
					};
					6D26E4A2228BA26C0053C766 = {
						CreatedOnToolsVersion = 10.2.1;
						TestTargetID = 6D26E48C228BA26B0053C766;
					};
					6D26E4AD228BA26C0053C766 = {
						CreatedOnToolsVersion = 10.2.1;
						TestTargetID = 6D26E48C228BA26B0053C766;
					};
				};
			};
			buildConfigurationList = 6D26E488228BA26B0053C766 /* Build configuration list for PBXProject "BANI" */;
			compatibilityVersion = "Xcode 9.3";
			developmentRegion = en;
			hasScannedForEncodings = 0;
			knownRegions = (
				en,
				Base,
			);
			mainGroup = 6D26E484228BA26B0053C766;
			productRefGroup = 6D26E48E228BA26B0053C766 /* Products */;
			projectDirPath = "";
			projectRoot = "";
			targets = (
				6D26E48C228BA26B0053C766 /* BANI */,
				6D26E4A2228BA26C0053C766 /* BANITests */,
				6D26E4AD228BA26C0053C766 /* BANIUITests */,
			);
		};
/* End PBXProject section */

/* Begin PBXResourcesBuildPhase section */
		6D26E48B228BA26B0053C766 /* Resources */ = {
			isa = PBXResourcesBuildPhase;
			buildActionMask = 2147483647;
			files = (
				6D26E493228BA26B0053C766 /* art.scnassets in Resources */,
				6D26E49D228BA26C0053C766 /* LaunchScreen.storyboard in Resources */,
				6D26E49A228BA26C0053C766 /* Assets.xcassets in Resources */,
				6D26E498228BA26B0053C766 /* Main.storyboard in Resources */,
			);
			runOnlyForDeploymentPostprocessing = 0;
		};
		6D26E4A1228BA26C0053C766 /* Resources */ = {
			isa = PBXResourcesBuildPhase;
			buildActionMask = 2147483647;
			files = (
			);
			runOnlyForDeploymentPostprocessing = 0;
		};
		6D26E4AC228BA26C0053C766 /* Resources */ = {
			isa = PBXResourcesBuildPhase;
			buildActionMask = 2147483647;
			files = (
			);
			runOnlyForDeploymentPostprocessing = 0;
		};
/* End PBXResourcesBuildPhase section */

/* Begin PBXSourcesBuildPhase section */
		6D26E489228BA26B0053C766 /* Sources */ = {
			isa = PBXSourcesBuildPhase;
			buildActionMask = 2147483647;
			files = (
				6D26E495228BA26B0053C766 /* ViewController.swift in Sources */,
				6D26E491228BA26B0053C766 /* AppDelegate.swift in Sources */,
			);
			runOnlyForDeploymentPostprocessing = 0;
		};
		6D26E49F228BA26C0053C766 /* Sources */ = {
			isa = PBXSourcesBuildPhase;
			buildActionMask = 2147483647;
			files = (
				6D26E4A8228BA26C0053C766 /* BANITests.swift in Sources */,
			);
			runOnlyForDeploymentPostprocessing = 0;
		};
		6D26E4AA228BA26C0053C766 /* Sources */ = {
			isa = PBXSourcesBuildPhase;
			buildActionMask = 2147483647;
			files = (
				6D26E4B3228BA26C0053C766 /* BANIUITests.swift in Sources */,
			);
			runOnlyForDeploymentPostprocessing = 0;
		};
/* End PBXSourcesBuildPhase section */

/* Begin PBXTargetDependency section */
		6D26E4A5228BA26C0053C766 /* PBXTargetDependency */ = {
			isa = PBXTargetDependency;
			target = 6D26E48C228BA26B0053C766 /* BANI */;
			targetProxy = 6D26E4A4228BA26C0053C766 /* PBXContainerItemProxy */;
		};
		6D26E4B0228BA26C0053C766 /* PBXTargetDependency */ = {
			isa = PBXTargetDependency;
			target = 6D26E48C228BA26B0053C766 /* BANI */;
			targetProxy = 6D26E4AF228BA26C0053C766 /* PBXContainerItemProxy */;
		};
/* End PBXTargetDependency section */

/* Begin PBXVariantGroup section */
		6D26E496228BA26B0053C766 /* Main.storyboard */ = {
			isa = PBXVariantGroup;
			children = (
				6D26E497228BA26B0053C766 /* Base */,
			);
			name = Main.storyboard;
			sourceTree = "<group>";
		};
		6D26E49B228BA26C0053C766 /* LaunchScreen.storyboard */ = {
			isa = PBXVariantGroup;
			children = (
				6D26E49C228BA26C0053C766 /* Base */,
			);
			name = LaunchScreen.storyboard;
			sourceTree = "<group>";
		};
/* End PBXVariantGroup section */

/* Begin XCBuildConfiguration section */
		6D26E4B5228BA26C0053C766 /* Debug */ = {
			isa = XCBuildConfiguration;
			buildSettings = {
				ALWAYS_SEARCH_USER_PATHS = NO;
				CLANG_ANALYZER_NONNULL = YES;
				CLANG_ANALYZER_NUMBER_OBJECT_CONVERSION = YES_AGGRESSIVE;
				CLANG_CXX_LANGUAGE_STANDARD = "gnu++14";
				CLANG_CXX_LIBRARY = "libc++";
				CLANG_ENABLE_MODULES = YES;
				CLANG_ENABLE_OBJC_ARC = YES;
				CLANG_ENABLE_OBJC_WEAK = YES;
				CLANG_WARN_BLOCK_CAPTURE_AUTORELEASING = YES;
				CLANG_WARN_BOOL_CONVERSION = YES;
				CLANG_WARN_COMMA = YES;
				CLANG_WARN_CONSTANT_CONVERSION = YES;
				CLANG_WARN_DEPRECATED_OBJC_IMPLEMENTATIONS = YES;
				CLANG_WARN_DIRECT_OBJC_ISA_USAGE = YES_ERROR;
				CLANG_WARN_DOCUMENTATION_COMMENTS = YES;
				CLANG_WARN_EMPTY_BODY = YES;
				CLANG_WARN_ENUM_CONVERSION = YES;
				CLANG_WARN_INFINITE_RECURSION = YES;
				CLANG_WARN_INT_CONVERSION = YES;
				CLANG_WARN_NON_LITERAL_NULL_CONVERSION = YES;
				CLANG_WARN_OBJC_IMPLICIT_RETAIN_SELF = YES;
				CLANG_WARN_OBJC_LITERAL_CONVERSION = YES;
				CLANG_WARN_OBJC_ROOT_CLASS = YES_ERROR;
				CLANG_WARN_RANGE_LOOP_ANALYSIS = YES;
				CLANG_WARN_STRICT_PROTOTYPES = YES;
				CLANG_WARN_SUSPICIOUS_MOVE = YES;
				CLANG_WARN_UNGUARDED_AVAILABILITY = YES_AGGRESSIVE;
				CLANG_WARN_UNREACHABLE_CODE = YES;
				CLANG_WARN__DUPLICATE_METHOD_MATCH = YES;
				CODE_SIGN_IDENTITY = "iPhone Developer";
				COPY_PHASE_STRIP = NO;
				DEBUG_INFORMATION_FORMAT = dwarf;
				ENABLE_STRICT_OBJC_MSGSEND = YES;
				ENABLE_TESTABILITY = YES;
				GCC_C_LANGUAGE_STANDARD = gnu11;
				GCC_DYNAMIC_NO_PIC = NO;
				GCC_NO_COMMON_BLOCKS = YES;
				GCC_OPTIMIZATION_LEVEL = 0;
				GCC_PREPROCESSOR_DEFINITIONS = (
					"DEBUG=1",
					"$(inherited)",
				);
				GCC_WARN_64_TO_32_BIT_CONVERSION = YES;
				GCC_WARN_ABOUT_RETURN_TYPE = YES_ERROR;
				GCC_WARN_UNDECLARED_SELECTOR = YES;
				GCC_WARN_UNINITIALIZED_AUTOS = YES_AGGRESSIVE;
				GCC_WARN_UNUSED_FUNCTION = YES;
				GCC_WARN_UNUSED_VARIABLE = YES;
				IPHONEOS_DEPLOYMENT_TARGET = 12.2;
				MTL_ENABLE_DEBUG_INFO = INCLUDE_SOURCE;
				MTL_FAST_MATH = YES;
				ONLY_ACTIVE_ARCH = YES;
				SDKROOT = iphoneos;
				SWIFT_ACTIVE_COMPILATION_CONDITIONS = DEBUG;
				SWIFT_OPTIMIZATION_LEVEL = "-Onone";
			};
			name = Debug;
		};
		6D26E4B6228BA26C0053C766 /* Release */ = {
			isa = XCBuildConfiguration;
			buildSettings = {
				ALWAYS_SEARCH_USER_PATHS = NO;
				CLANG_ANALYZER_NONNULL = YES;
				CLANG_ANALYZER_NUMBER_OBJECT_CONVERSION = YES_AGGRESSIVE;
				CLANG_CXX_LANGUAGE_STANDARD = "gnu++14";
				CLANG_CXX_LIBRARY = "libc++";
				CLANG_ENABLE_MODULES = YES;
				CLANG_ENABLE_OBJC_ARC = YES;
				CLANG_ENABLE_OBJC_WEAK = YES;
				CLANG_WARN_BLOCK_CAPTURE_AUTORELEASING = YES;
				CLANG_WARN_BOOL_CONVERSION = YES;
				CLANG_WARN_COMMA = YES;
				CLANG_WARN_CONSTANT_CONVERSION = YES;
				CLANG_WARN_DEPRECATED_OBJC_IMPLEMENTATIONS = YES;
				CLANG_WARN_DIRECT_OBJC_ISA_USAGE = YES_ERROR;
				CLANG_WARN_DOCUMENTATION_COMMENTS = YES;
				CLANG_WARN_EMPTY_BODY = YES;
				CLANG_WARN_ENUM_CONVERSION = YES;
				CLANG_WARN_INFINITE_RECURSION = YES;
				CLANG_WARN_INT_CONVERSION = YES;
				CLANG_WARN_NON_LITERAL_NULL_CONVERSION = YES;
				CLANG_WARN_OBJC_IMPLICIT_RETAIN_SELF = YES;
				CLANG_WARN_OBJC_LITERAL_CONVERSION = YES;
				CLANG_WARN_OBJC_ROOT_CLASS = YES_ERROR;
				CLANG_WARN_RANGE_LOOP_ANALYSIS = YES;
				CLANG_WARN_STRICT_PROTOTYPES = YES;
				CLANG_WARN_SUSPICIOUS_MOVE = YES;
				CLANG_WARN_UNGUARDED_AVAILABILITY = YES_AGGRESSIVE;
				CLANG_WARN_UNREACHABLE_CODE = YES;
				CLANG_WARN__DUPLICATE_METHOD_MATCH = YES;
				CODE_SIGN_IDENTITY = "iPhone Developer";
				COPY_PHASE_STRIP = NO;
				DEBUG_INFORMATION_FORMAT = "dwarf-with-dsym";
				ENABLE_NS_ASSERTIONS = NO;
				ENABLE_STRICT_OBJC_MSGSEND = YES;
				GCC_C_LANGUAGE_STANDARD = gnu11;
				GCC_NO_COMMON_BLOCKS = YES;
				GCC_WARN_64_TO_32_BIT_CONVERSION = YES;
				GCC_WARN_ABOUT_RETURN_TYPE = YES_ERROR;
				GCC_WARN_UNDECLARED_SELECTOR = YES;
				GCC_WARN_UNINITIALIZED_AUTOS = YES_AGGRESSIVE;
				GCC_WARN_UNUSED_FUNCTION = YES;
				GCC_WARN_UNUSED_VARIABLE = YES;
				IPHONEOS_DEPLOYMENT_TARGET = 12.2;
				MTL_ENABLE_DEBUG_INFO = NO;
				MTL_FAST_MATH = YES;
				SDKROOT = iphoneos;
				SWIFT_COMPILATION_MODE = wholemodule;
				SWIFT_OPTIMIZATION_LEVEL = "-O";
				VALIDATE_PRODUCT = YES;
			};
			name = Release;
		};
		6D26E4B8228BA26C0053C766 /* Debug */ = {
			isa = XCBuildConfiguration;
			buildSettings = {
				ASSETCATALOG_COMPILER_APPICON_NAME = AppIcon;
				CODE_SIGN_STYLE = Automatic;
				DEVELOPMENT_TEAM = NYHDC5BH5X;
				INFOPLIST_FILE = BANI/Info.plist;
				LD_RUNPATH_SEARCH_PATHS = (
					"$(inherited)",
					"@executable_path/Frameworks",
				);
				PRODUCT_BUNDLE_IDENTIFIER = Tim2One.BANI;
				PRODUCT_NAME = "$(TARGET_NAME)";
				SWIFT_VERSION = 5.0;
				TARGETED_DEVICE_FAMILY = "1,2";
			};
			name = Debug;
		};
		6D26E4B9228BA26C0053C766 /* Release */ = {
			isa = XCBuildConfiguration;
			buildSettings = {
				ASSETCATALOG_COMPILER_APPICON_NAME = AppIcon;
				CODE_SIGN_STYLE = Automatic;
				DEVELOPMENT_TEAM = NYHDC5BH5X;
				INFOPLIST_FILE = BANI/Info.plist;
				LD_RUNPATH_SEARCH_PATHS = (
					"$(inherited)",
					"@executable_path/Frameworks",
				);
				PRODUCT_BUNDLE_IDENTIFIER = Tim2One.BANI;
				PRODUCT_NAME = "$(TARGET_NAME)";
				SWIFT_VERSION = 5.0;
				TARGETED_DEVICE_FAMILY = "1,2";
			};
			name = Release;
		};
		6D26E4BB228BA26C0053C766 /* Debug */ = {
			isa = XCBuildConfiguration;
			buildSettings = {
				ALWAYS_EMBED_SWIFT_STANDARD_LIBRARIES = YES;
				BUNDLE_LOADER = "$(TEST_HOST)";
				CODE_SIGN_STYLE = Automatic;
				DEVELOPMENT_TEAM = NYHDC5BH5X;
				INFOPLIST_FILE = BANITests/Info.plist;
				LD_RUNPATH_SEARCH_PATHS = (
					"$(inherited)",
					"@executable_path/Frameworks",
					"@loader_path/Frameworks",
				);
				PRODUCT_BUNDLE_IDENTIFIER = Tim2One.BANITests;
				PRODUCT_NAME = "$(TARGET_NAME)";
				SWIFT_VERSION = 5.0;
				TARGETED_DEVICE_FAMILY = "1,2";
				TEST_HOST = "$(BUILT_PRODUCTS_DIR)/BANI.app/BANI";
			};
			name = Debug;
		};
		6D26E4BC228BA26C0053C766 /* Release */ = {
			isa = XCBuildConfiguration;
			buildSettings = {
				ALWAYS_EMBED_SWIFT_STANDARD_LIBRARIES = YES;
				BUNDLE_LOADER = "$(TEST_HOST)";
				CODE_SIGN_STYLE = Automatic;
				DEVELOPMENT_TEAM = NYHDC5BH5X;
				INFOPLIST_FILE = BANITests/Info.plist;
				LD_RUNPATH_SEARCH_PATHS = (
					"$(inherited)",
					"@executable_path/Frameworks",
					"@loader_path/Frameworks",
				);
				PRODUCT_BUNDLE_IDENTIFIER = Tim2One.BANITests;
				PRODUCT_NAME = "$(TARGET_NAME)";
				SWIFT_VERSION = 5.0;
				TARGETED_DEVICE_FAMILY = "1,2";
				TEST_HOST = "$(BUILT_PRODUCTS_DIR)/BANI.app/BANI";
			};
			name = Release;
		};
		6D26E4BE228BA26C0053C766 /* Debug */ = {
			isa = XCBuildConfiguration;
			buildSettings = {
				ALWAYS_EMBED_SWIFT_STANDARD_LIBRARIES = YES;
				CODE_SIGN_STYLE = Automatic;
				DEVELOPMENT_TEAM = NYHDC5BH5X;
				INFOPLIST_FILE = BANIUITests/Info.plist;
				LD_RUNPATH_SEARCH_PATHS = (
					"$(inherited)",
					"@executable_path/Frameworks",
					"@loader_path/Frameworks",
				);
				PRODUCT_BUNDLE_IDENTIFIER = Tim2One.BANIUITests;
				PRODUCT_NAME = "$(TARGET_NAME)";
				SWIFT_VERSION = 5.0;
				TARGETED_DEVICE_FAMILY = "1,2";
				TEST_TARGET_NAME = BANI;
			};
			name = Debug;
		};
		6D26E4BF228BA26C0053C766 /* Release */ = {
			isa = XCBuildConfiguration;
			buildSettings = {
				ALWAYS_EMBED_SWIFT_STANDARD_LIBRARIES = YES;
				CODE_SIGN_STYLE = Automatic;
				DEVELOPMENT_TEAM = NYHDC5BH5X;
				INFOPLIST_FILE = BANIUITests/Info.plist;
				LD_RUNPATH_SEARCH_PATHS = (
					"$(inherited)",
					"@executable_path/Frameworks",
					"@loader_path/Frameworks",
				);
				PRODUCT_BUNDLE_IDENTIFIER = Tim2One.BANIUITests;
				PRODUCT_NAME = "$(TARGET_NAME)";
				SWIFT_VERSION = 5.0;
				TARGETED_DEVICE_FAMILY = "1,2";
				TEST_TARGET_NAME = BANI;
			};
			name = Release;
		};
/* End XCBuildConfiguration section */

/* Begin XCConfigurationList section */
		6D26E488228BA26B0053C766 /* Build configuration list for PBXProject "BANI" */ = {
			isa = XCConfigurationList;
			buildConfigurations = (
				6D26E4B5228BA26C0053C766 /* Debug */,
				6D26E4B6228BA26C0053C766 /* Release */,
			);
			defaultConfigurationIsVisible = 0;
			defaultConfigurationName = Release;
		};
		6D26E4B7228BA26C0053C766 /* Build configuration list for PBXNativeTarget "BANI" */ = {
			isa = XCConfigurationList;
			buildConfigurations = (
				6D26E4B8228BA26C0053C766 /* Debug */,
				6D26E4B9228BA26C0053C766 /* Release */,
			);
			defaultConfigurationIsVisible = 0;
			defaultConfigurationName = Release;
		};
		6D26E4BA228BA26C0053C766 /* Build configuration list for PBXNativeTarget "BANITests" */ = {
			isa = XCConfigurationList;
			buildConfigurations = (
				6D26E4BB228BA26C0053C766 /* Debug */,
				6D26E4BC228BA26C0053C766 /* Release */,
			);
			defaultConfigurationIsVisible = 0;
			defaultConfigurationName = Release;
		};
		6D26E4BD228BA26C0053C766 /* Build configuration list for PBXNativeTarget "BANIUITests" */ = {
			isa = XCConfigurationList;
			buildConfigurations = (
				6D26E4BE228BA26C0053C766 /* Debug */,
				6D26E4BF228BA26C0053C766 /* Release */,
			);
			defaultConfigurationIsVisible = 0;
			defaultConfigurationName = Release;
		};
/* End XCConfigurationList section */
	};
	rootObject = 6D26E485228BA26B0053C766 /* Project object */;
}
